
Microsoft Visual Studio Solution File, Format Version 12.00
# Visual Studio Version 18
VisualStudioVersion = 18.8.12023.21 stable
MinimumVisualStudioVersion = 10.0.40219.1
Project("{FAE04EC0-301F-11D3-BF4B-00C04F79EFBC}") = "GDG.VirtualPrinter.Core", "src\GDG.VirtualPrinter.Core\GDG.VirtualPrinter.Core.csproj", "{11111111-1111-4111-8111-111111111111}"
EndProject
Project("{FAE04EC0-301F-11D3-BF4B-00C04F79EFBC}") = "GDG.VirtualPrinter.VirtualPrinter", "src\GDG.VirtualPrinter.VirtualPrinter\GDG.VirtualPrinter.VirtualPrinter.csproj", "{22222222-2222-4222-8222-222222222222}"
EndProject
Project("{FAE04EC0-301F-11D3-BF4B-00C04F79EFBC}") = "GDG.VirtualPrinter.Launcher", "src\GDG.VirtualPrinter.Launcher\GDG.VirtualPrinter.Launcher.csproj", "{33333333-3333-4333-8333-333333333333}"
EndProject
Project("{FAE04EC0-301F-11D3-BF4B-00C04F79EFBC}") = "GDG.VirtualPrinter.Host", "src\GDG.VirtualPrinter.Host\GDG.VirtualPrinter.Host.csproj", "{44444444-4444-4444-8444-444444444444}"
EndProject
Project("{FAE04EC0-301F-11D3-BF4B-00C04F79EFBC}") = "GDG.VirtualPrinter.TestReceiver", "src\GDG.VirtualPrinter.TestReceiver\GDG.VirtualPrinter.TestReceiver.csproj", "{55555555-5555-4555-8555-555555555555}"
EndProject
Project("{C7167F0D-BC9F-4E6E-AFE1-012C56B48DB5}") = "GDG.VirtualPrinter.Packaging", "packaging\GDG.VirtualPrinter.Packaging.wapproj", "{66666666-6666-4666-8666-666666666666}"
EndProject
Global
	GlobalSection(SolutionConfigurationPlatforms) = preSolution
		Debug|Any CPU = Debug|Any CPU
		Debug|ARM64 = Debug|ARM64
		Debug|x64 = Debug|x64
		Debug|x86 = Debug|x86
		Release|Any CPU = Release|Any CPU
		Release|ARM64 = Release|ARM64
		Release|x64 = Release|x64
		Release|x86 = Release|x86
	EndGlobalSection
	GlobalSection(ProjectConfigurationPlatforms) = postSolution
		{11111111-1111-4111-8111-111111111111}.Debug|Any CPU.ActiveCfg = Debug|x64
		{11111111-1111-4111-8111-111111111111}.Debug|Any CPU.Build.0 = Debug|x64
		{11111111-1111-4111-8111-111111111111}.Debug|ARM64.ActiveCfg = Debug|ARM64
		{11111111-1111-4111-8111-111111111111}.Debug|ARM64.Build.0 = Debug|ARM64
		{11111111-1111-4111-8111-111111111111}.Debug|x64.ActiveCfg = Debug|x64
		{11111111-1111-4111-8111-111111111111}.Debug|x64.Build.0 = Debug|x64
		{11111111-1111-4111-8111-111111111111}.Debug|x86.ActiveCfg = Debug|x86
		{11111111-1111-4111-8111-111111111111}.Debug|x86.Build.0 = Debug|x86
		{11111111-1111-4111-8111-111111111111}.Release|Any CPU.ActiveCfg = Release|x64
		{11111111-1111-4111-8111-111111111111}.Release|Any CPU.Build.0 = Release|x64
		{11111111-1111-4111-8111-111111111111}.Release|ARM64.ActiveCfg = Release|ARM64
		{11111111-1111-4111-8111-111111111111}.Release|ARM64.Build.0 = Release|ARM64
		{11111111-1111-4111-8111-111111111111}.Release|x64.ActiveCfg = Release|x64
		{11111111-1111-4111-8111-111111111111}.Release|x64.Build.0 = Release|x64
		{11111111-1111-4111-8111-111111111111}.Release|x86.ActiveCfg = Release|x86
		{11111111-1111-4111-8111-111111111111}.Release|x86.Build.0 = Release|x86
		{22222222-2222-4222-8222-222222222222}.Debug|Any CPU.ActiveCfg = Debug|x64
		{22222222-2222-4222-8222-222222222222}.Debug|Any CPU.Build.0 = Debug|x64
		{22222222-2222-4222-8222-222222222222}.Debug|ARM64.ActiveCfg = Debug|ARM64
		{22222222-2222-4222-8222-222222222222}.Debug|ARM64.Build.0 = Debug|ARM64
		{22222222-2222-4222-8222-222222222222}.Debug|x64.ActiveCfg = Debug|x64
		{22222222-2222-4222-8222-222222222222}.Debug|x64.Build.0 = Debug|x64
		{22222222-2222-4222-8222-222222222222}.Debug|x86.ActiveCfg = Debug|x86
		{22222222-2222-4222-8222-222222222222}.Debug|x86.Build.0 = Debug|x86
		{22222222-2222-4222-8222-222222222222}.Release|Any CPU.ActiveCfg = Release|x64
		{22222222-2222-4222-8222-222222222222}.Release|Any CPU.Build.0 = Release|x64
		{22222222-2222-4222-8222-222222222222}.Release|ARM64.ActiveCfg = Release|ARM64
		{22222222-2222-4222-8222-222222222222}.Release|ARM64.Build.0 = Release|ARM64
		{22222222-2222-4222-8222-222222222222}.Release|x64.ActiveCfg = Release|x64
		{22222222-2222-4222-8222-222222222222}.Release|x64.Build.0 = Release|x64
		{22222222-2222-4222-8222-222222222222}.Release|x86.ActiveCfg = Release|x86
		{22222222-2222-4222-8222-222222222222}.Release|x86.Build.0 = Release|x86
		{33333333-3333-4333-8333-333333333333}.Debug|Any CPU.ActiveCfg = Debug|x64
		{33333333-3333-4333-8333-333333333333}.Debug|Any CPU.Build.0 = Debug|x64
		{33333333-3333-4333-8333-333333333333}.Debug|ARM64.ActiveCfg = Debug|ARM64
		{33333333-3333-4333-8333-333333333333}.Debug|ARM64.Build.0 = Debug|ARM64
		{33333333-3333-4333-8333-333333333333}.Debug|x64.ActiveCfg = Debug|x64
		{33333333-3333-4333-8333-333333333333}.Debug|x64.Build.0 = Debug|x64
		{33333333-3333-4333-8333-333333333333}.Debug|x86.ActiveCfg = Debug|x86
		{33333333-3333-4333-8333-333333333333}.Debug|x86.Build.0 = Debug|x86
		{33333333-3333-4333-8333-333333333333}.Release|Any CPU.ActiveCfg = Release|x64
		{33333333-3333-4333-8333-333333333333}.Release|Any CPU.Build.0 = Release|x64
		{33333333-3333-4333-8333-333333333333}.Release|ARM64.ActiveCfg = Release|ARM64
		{33333333-3333-4333-8333-333333333333}.Release|ARM64.Build.0 = Release|ARM64
		{33333333-3333-4333-8333-333333333333}.Release|x64.ActiveCfg = Release|x64
		{33333333-3333-4333-8333-333333333333}.Release|x64.Build.0 = Release|x64
		{33333333-3333-4333-8333-333333333333}.Release|x86.ActiveCfg = Release|x86
		{33333333-3333-4333-8333-333333333333}.Release|x86.Build.0 = Release|x86
		{44444444-4444-4444-8444-444444444444}.Debug|Any CPU.ActiveCfg = Debug|x64
		{44444444-4444-4444-8444-444444444444}.Debug|Any CPU.Build.0 = Debug|x64
		{44444444-4444-4444-8444-444444444444}.Debug|ARM64.ActiveCfg = Debug|ARM64
		{44444444-4444-4444-8444-444444444444}.Debug|ARM64.Build.0 = Debug|ARM64
		{44444444-4444-4444-8444-444444444444}.Debug|x64.ActiveCfg = Debug|x64
		{44444444-4444-4444-8444-444444444444}.Debug|x64.Build.0 = Debug|x64
		{44444444-4444-4444-8444-444444444444}.Debug|x86.ActiveCfg = Debug|x86
		{44444444-4444-4444-8444-444444444444}.Debug|x86.Build.0 = Debug|x86
		{44444444-4444-4444-8444-444444444444}.Release|Any CPU.ActiveCfg = Release|x64
		{44444444-4444-4444-8444-444444444444}.Release|Any CPU.Build.0 = Release|x64
		{44444444-4444-4444-8444-444444444444}.Release|ARM64.ActiveCfg = Release|ARM64
		{44444444-4444-4444-8444-444444444444}.Release|ARM64.Build.0 = Release|ARM64
		{44444444-4444-4444-8444-444444444444}.Release|x64.ActiveCfg = Release|x64
		{44444444-4444-4444-8444-444444444444}.Release|x64.Build.0 = Release|x64
		{44444444-4444-4444-8444-444444444444}.Release|x86.ActiveCfg = Release|x86
		{44444444-4444-4444-8444-444444444444}.Release|x86.Build.0 = Release|x86
		{55555555-5555-4555-8555-555555555555}.Debug|Any CPU.ActiveCfg = Debug|Any CPU
		{55555555-5555-4555-8555-555555555555}.Debug|Any CPU.Build.0 = Debug|Any CPU
		{55555555-5555-4555-8555-555555555555}.Debug|ARM64.ActiveCfg = Debug|Any CPU
		{55555555-5555-4555-8555-555555555555}.Debug|ARM64.Build.0 = Debug|Any CPU
		{55555555-5555-4555-8555-555555555555}.Debug|x64.ActiveCfg = Debug|Any CPU
		{55555555-5555-4555-8555-555555555555}.Debug|x64.Build.0 = Debug|Any CPU
		{55555555-5555-4555-8555-555555555555}.Debug|x86.ActiveCfg = Debug|Any CPU
		{55555555-5555-4555-8555-555555555555}.Debug|x86.Build.0 = Debug|Any CPU
		{55555555-5555-4555-8555-555555555555}.Release|Any CPU.ActiveCfg = Release|Any CPU
		{55555555-5555-4555-8555-555555555555}.Release|Any CPU.Build.0 = Release|Any CPU
		{55555555-5555-4555-8555-555555555555}.Release|ARM64.ActiveCfg = Release|Any CPU
		{55555555-5555-4555-8555-555555555555}.Release|ARM64.Build.0 = Release|Any CPU
		{55555555-5555-4555-8555-555555555555}.Release|x64.ActiveCfg = Release|Any CPU
		{55555555-5555-4555-8555-555555555555}.Release|x64.Build.0 = Release|Any CPU
		{55555555-5555-4555-8555-555555555555}.Release|x86.ActiveCfg = Release|Any CPU
		{55555555-5555-4555-8555-555555555555}.Release|x86.Build.0 = Release|Any CPU
		{66666666-6666-4666-8666-666666666666}.Debug|Any CPU.ActiveCfg = Debug|x64
		{66666666-6666-4666-8666-666666666666}.Debug|Any CPU.Build.0 = Debug|x64
		{66666666-6666-4666-8666-666666666666}.Debug|Any CPU.Deploy.0 = Debug|x64
		{66666666-6666-4666-8666-666666666666}.Debug|ARM64.ActiveCfg = Debug|ARM64
		{66666666-6666-4666-8666-666666666666}.Debug|ARM64.Build.0 = Debug|ARM64
		{66666666-6666-4666-8666-666666666666}.Debug|ARM64.Deploy.0 = Debug|ARM64
		{66666666-6666-4666-8666-666666666666}.Debug|x64.ActiveCfg = Debug|x64
		{66666666-6666-4666-8666-666666666666}.Debug|x64.Build.0 = Debug|x64
		{66666666-6666-4666-8666-666666666666}.Debug|x64.Deploy.0 = Debug|x64
		{66666666-6666-4666-8666-666666666666}.Debug|x86.ActiveCfg = Debug|x86
		{66666666-6666-4666-8666-666666666666}.Debug|x86.Build.0 = Debug|x86
		{66666666-6666-4666-8666-666666666666}.Debug|x86.Deploy.0 = Debug|x86
		{66666666-6666-4666-8666-666666666666}.Release|Any CPU.ActiveCfg = Release|x64
		{66666666-6666-4666-8666-666666666666}.Release|Any CPU.Build.0 = Release|x64
		{66666666-6666-4666-8666-666666666666}.Release|Any CPU.Deploy.0 = Release|x64
		{66666666-6666-4666-8666-666666666666}.Release|ARM64.ActiveCfg = Release|ARM64
		{66666666-6666-4666-8666-666666666666}.Release|ARM64.Build.0 = Release|ARM64
		{66666666-6666-4666-8666-666666666666}.Release|ARM64.Deploy.0 = Release|ARM64
		{66666666-6666-4666-8666-666666666666}.Release|x64.ActiveCfg = Release|x64
		{66666666-6666-4666-8666-666666666666}.Release|x64.Build.0 = Release|x64
		{66666666-6666-4666-8666-666666666666}.Release|x64.Deploy.0 = Release|x64
		{66666666-6666-4666-8666-666666666666}.Release|x86.ActiveCfg = Release|x86
		{66666666-6666-4666-8666-666666666666}.Release|x86.Build.0 = Release|x86
		{66666666-6666-4666-8666-666666666666}.Release|x86.Deploy.0 = Release|x86
	EndGlobalSection
	GlobalSection(SolutionProperties) = preSolution
		HideSolutionNode = FALSE
	EndGlobalSection
EndGlobal
